<?xml version="1.0" encoding="utf-8"?>
<Project ToolsVersion="4.0" xmlns="http://schemas.microsoft.com/developer/msbuild/2003">
  <ItemGroup>
    <Filter Include="Source Files">
      <UniqueIdentifier>{4FC737F1-C7A5-4376-A066-2A32D752A2FF}</UniqueIdentifier>
      <Extensions>cpp;c;cc;cxx;def;odl;idl;hpj;bat;asm;asmx</Extensions>
    </Filter>
    <Filter Include="Resource Files">
      <UniqueIdentifier>{67DA6AB6-F800-4c08-8B7A-83BB121AAD01}</UniqueIdentifier>
      <Extensions>rc;ico;cur;bmp;dlg;rc2;rct;bin;rgs;gif;jpg;jpeg;jpe;resx;tiff;tif;png;wav;mfcribbon-ms</Extensions>
    </Filter>
    <Filter Include="octet">
      <UniqueIdentifier>{a73e3cd5-6856-4e39-bf1e-9e57e52a4c27}</UniqueIdentifier>
    </Filter>
    <Filter Include="octet\Compiler">
      <UniqueIdentifier>{a0f35762-5dcf-4846-a0eb-50de0290433e}</UniqueIdentifier>
    </Filter>
    <Filter Include="octet\Containers">
      <UniqueIdentifier>{2a518bed-d300-4b3a-a7fb-730e9cbd016a}</UniqueIdentifier>
    </Filter>
    <Filter Include="octet\Helpers">
      <UniqueIdentifier>{a57d05c0-8c76-4f94-91dd-90ae9a0aa508}</UniqueIdentifier>
    </Filter>
    <Filter Include="octet\Loaders">
      <UniqueIdentifier>{c08bb906-5c0e-4175-acea-29488c8cb5dc}</UniqueIdentifier>
    </Filter>
    <Filter Include="octet\Maths">
      <UniqueIdentifier>{420bb326-2487-4d72-b1b6-a4a0c447c770}</UniqueIdentifier>
    </Filter>
    <Filter Include="octet\Physics">
      <UniqueIdentifier>{ebf7e693-f1bf-45e1-b8bb-32f225a79e59}</UniqueIdentifier>
    </Filter>
    <Filter Include="octet\Platform">
      <UniqueIdentifier>{a32e27ad-d8b6-42e8-b154-9f7875e0b04f}</UniqueIdentifier>
    </Filter>
    <Filter Include="octet\Resources">
      <UniqueIdentifier>{6e15562a-d44e-4fb8-8111-052ea39f309e}</UniqueIdentifier>
    </Filter>
    <Filter Include="octet\Scene">
      <UniqueIdentifier>{5e32157a-e0ee-4575-9e88-7259f450c59b}</UniqueIdentifier>
    </Filter>
    <Filter Include="octet\Shaders">
      <UniqueIdentifier>{e0e02e85-00e3-4808-8fb9-4fe54c116836}</UniqueIdentifier>
    </Filter>
    <Filter Include="octet\TinyXML">
      <UniqueIdentifier>{d639ea04-8a73-42b9-925c-db5a292d042c}</UniqueIdentifier>
    </Filter>
  </ItemGroup>
  <ItemGroup>
    <ClCompile Include="..\..\src\examples\layer2\main.cpp">
      <Filter>Source Files</Filter>
    </ClCompile>
  </ItemGroup>
  <ItemGroup>
    <ClInclude Include="..\..\src\examples\layer2\engine.h">
      <Filter>Source Files</Filter>
    </ClInclude>
    <ClInclude Include="..\..\src\compiler\compiler.h">
      <Filter>octet\Compiler</Filter>
    </ClInclude>
    <ClInclude Include="..\..\src\compiler\cpp_error.h">
      <Filter>octet\Compiler</Filter>
    </ClInclude>
    <ClInclude Include="..\..\src\compiler\cpp_expr.h">
      <Filter>octet\Compiler</Filter>
    </ClInclude>
    <ClInclude Include="..\..\src\compiler\cpp_lexer.h">
      <Filter>octet\Compiler</Filter>
    </ClInclude>
    <ClInclude Include="..\..\src\compiler\cpp_parser.h">
      <Filter>octet\Compiler</Filter>
    </ClInclude>
    <ClInclude Include="..\..\src\compiler\cpp_preprocessor.h">
      <Filter>octet\Compiler</Filter>
    </ClInclude>
    <ClInclude Include="..\..\src\compiler\cpp_scope.h">
      <Filter>octet\Compiler</Filter>
    </ClInclude>
    <ClInclude Include="..\..\src\compiler\cpp_statement.h">
      <Filter>octet\Compiler</Filter>
    </ClInclude>
    <ClInclude Include="..\..\src\compiler\cpp_tokens.h">
      <Filter>octet\Compiler</Filter>
    </ClInclude>
    <ClInclude Include="..\..\src\compiler\cpp_type.h">
      <Filter>octet\Compiler</Filter>
    </ClInclude>
    <ClInclude Include="..\..\src\compiler\cpp_value.h">
      <Filter>octet\Compiler</Filter>
    </ClInclude>
    <ClInclude Include="..\..\src\containers\allocator.h">
      <Filter>octet\Containers</Filter>
    </ClInclude>
    <ClInclude Include="..\..\src\containers\bitset.h">
      <Filter>octet\Containers</Filter>
    </ClInclude>
    <ClInclude Include="..\..\src\containers\containers.h">
      <Filter>octet\Containers</Filter>
    </ClInclude>
    <ClInclude Include="..\..\src\containers\dictionary.h">
      <Filter>octet\Containers</Filter>
    </ClInclude>
    <ClInclude Include="..\..\src\containers\double_list.h">
      <Filter>octet\Containers</Filter>
    </ClInclude>
    <ClInclude Include="..\..\src\containers\dynarray.h">
      <Filter>octet\Containers</Filter>
    </ClInclude>
    <ClInclude Include="..\..\src\containers\hash_map.h">
      <Filter>octet\Containers</Filter>
    </ClInclude>
    <ClInclude Include="..\..\src\containers\ref.h">
      <Filter>octet\Containers</Filter>
    </ClInclude>
    <ClInclude Include="..\..\src\containers\string.h">
      <Filter>octet\Containers</Filter>
    </ClInclude>
    <ClInclude Include="..\..\src\helpers\http_server.h">
      <Filter>octet\Helpers</Filter>
    </ClInclude>
    <ClInclude Include="..\..\src\helpers\mouse_ball.h">
      <Filter>octet\Helpers</Filter>
    </ClInclude>
    <ClInclude Include="..\..\src\helpers\object_picker.h">
      <Filter>octet\Helpers</Filter>
    </ClInclude>
    <ClInclude Include="..\..\src\helpers\text_overlay.h">
      <Filter>octet\Helpers</Filter>
    </ClInclude>
    <ClInclude Include="..\..\src\loaders\collada_builder.h">
      <Filter>octet\Loaders</Filter>
    </ClInclude>
    <ClInclude Include="..\..\src\loaders\dds_decoder.h">
      <Filter>octet\Loaders</Filter>
    </ClInclude>
    <ClInclude Include="..\..\src\loaders\gif_decoder.h">
      <Filter>octet\Loaders</Filter>
    </ClInclude>
    <ClInclude Include="..\..\src\loaders\jpeg_decoder.h">
      <Filter>octet\Loaders</Filter>
    </ClInclude>
    <ClInclude Include="..\..\src\loaders\jpeg_encoder.h">
      <Filter>octet\Loaders</Filter>
    </ClInclude>
    <ClInclude Include="..\..\src\loaders\loaders.h">
      <Filter>octet\Loaders</Filter>
    </ClInclude>
    <ClInclude Include="..\..\src\loaders\tga_decoder.h">
      <Filter>octet\Loaders</Filter>
    </ClInclude>
    <ClInclude Include="..\..\src\loaders\zip_decoder.h">
      <Filter>octet\Loaders</Filter>
    </ClInclude>
    <ClInclude Include="..\..\src\math\aabb.h">
      <Filter>octet\Maths</Filter>
    </ClInclude>
    <ClInclude Include="..\..\src\math\bvec2.h">
      <Filter>octet\Maths</Filter>
    </ClInclude>
    <ClInclude Include="..\..\src\math\bvec3.h">
      <Filter>octet\Maths</Filter>
    </ClInclude>
    <ClInclude Include="..\..\src\math\bvec4.h">
      <Filter>octet\Maths</Filter>
    </ClInclude>
    <ClInclude Include="..\..\src\math\half_space.h">
      <Filter>octet\Maths</Filter>
    </ClInclude>
    <ClInclude Include="..\..\src\math\ivec3.h">
      <Filter>octet\Maths</Filter>
    </ClInclude>
    <ClInclude Include="..\..\src\math\ivec4.h">
      <Filter>octet\Maths</Filter>
    </ClInclude>
    <ClInclude Include="..\..\src\math\mat4t.h">
      <Filter>octet\Maths</Filter>
    </ClInclude>
    <ClInclude Include="..\..\src\math\math.h">
      <Filter>octet\Maths</Filter>
    </ClInclude>
    <ClInclude Include="..\..\src\math\noise.h">
      <Filter>octet\Maths</Filter>
    </ClInclude>
    <ClInclude Include="..\..\src\math\obb.h">
      <Filter>octet\Maths</Filter>
    </ClInclude>
    <ClInclude Include="..\..\src\math\plane.h">
      <Filter>octet\Maths</Filter>
    </ClInclude>
    <ClInclude Include="..\..\src\math\quat.h">
      <Filter>octet\Maths</Filter>
    </ClInclude>
    <ClInclude Include="..\..\src\math\random.h">
      <Filter>octet\Maths</Filter>
    </ClInclude>
    <ClInclude Include="..\..\src\math\rational.h">
      <Filter>octet\Maths</Filter>
    </ClInclude>
    <ClInclude Include="..\..\src\math\ray.h">
      <Filter>octet\Maths</Filter>
    </ClInclude>
    <ClInclude Include="..\..\src\math\scalar.h">
      <Filter>octet\Maths</Filter>
    </ClInclude>
    <ClInclude Include="..\..\src\math\sphere.h">
      <Filter>octet\Maths</Filter>
    </ClInclude>
    <ClInclude Include="..\..\src\math\vec2.h">
      <Filter>octet\Maths</Filter>
    </ClInclude>
    <ClInclude Include="..\..\src\math\vec3.h">
      <Filter>octet\Maths</Filter>
    </ClInclude>
    <ClInclude Include="..\..\src\math\vec4.h">
      <Filter>octet\Maths</Filter>
    </ClInclude>
    <ClInclude Include="..\..\src\platform\al_defs.h">
      <Filter>octet\Platform</Filter>
    </ClInclude>
    <ClInclude Include="..\..\src\platform\app_common.h">
      <Filter>octet\Platform</Filter>
    </ClInclude>
    <ClInclude Include="..\..\src\platform\configure.h">
      <Filter>octet\Platform</Filter>
    </ClInclude>
    <ClInclude Include="..\..\src\platform\direct_show.h">
      <Filter>octet\Platform</Filter>
    </ClInclude>
    <ClInclude Include="..\..\src\platform\generic.h">
      <Filter>octet\Platform</Filter>
    </ClInclude>
    <ClInclude Include="..\..\src\platform\gl_defs.h">
      <Filter>octet\Platform</Filter>
    </ClInclude>
    <ClInclude Include="..\..\src\platform\gl_skeleton.h">
      <Filter>octet\Platform</Filter>
    </ClInclude>
    <ClInclude Include="..\..\src\platform\glut_specific.h">
      <Filter>octet\Platform</Filter>
    </ClInclude>
    <ClInclude Include="..\..\src\platform\machine_specific.h">
      <Filter>octet\Platform</Filter>
    </ClInclude>
    <ClInclude Include="..\..\src\platform\video_capture.h">
      <Filter>octet\Platform</Filter>
    </ClInclude>
    <ClInclude Include="..\..\src\platform\windows_specific.h">
      <Filter>octet\Platform</Filter>
    </ClInclude>
    <ClInclude Include="..\..\src\physics\btBulletCollisionCommon.h">
      <Filter>octet\Physics</Filter>
    </ClInclude>
    <ClInclude Include="..\..\src\physics\btBulletDynamicsCommon.h">
      <Filter>octet\Physics</Filter>
    </ClInclude>
    <ClInclude Include="..\..\src\physics\physics.h">
      <Filter>octet\Physics</Filter>
    </ClInclude>
    <ClInclude Include="..\..\src\physics\physics_world.h">
      <Filter>octet\Physics</Filter>
    </ClInclude>
    <ClInclude Include="..\..\src\resources\app_utils.h">
      <Filter>octet\Resources</Filter>
    </ClInclude>
    <ClInclude Include="..\..\src\resources\atoms.h">
      <Filter>octet\Resources</Filter>
    </ClInclude>
    <ClInclude Include="..\..\src\resources\binary_reader.h">
      <Filter>octet\Resources</Filter>
    </ClInclude>
    <ClInclude Include="..\..\src\resources\binary_writer.h">
      <Filter>octet\Resources</Filter>
    </ClInclude>
    <ClInclude Include="..\..\src\resources\bitmap_font.h">
      <Filter>octet\Resources</Filter>
    </ClInclude>
    <ClInclude Include="..\..\src\resources\classes.h">
      <Filter>octet\Resources</Filter>
    </ClInclude>
    <ClInclude Include="..\..\src\resources\gl_resource.h">
      <Filter>octet\Resources</Filter>
    </ClInclude>
    <ClInclude Include="..\..\src\resources\http_writer.h">
      <Filter>octet\Resources</Filter>
    </ClInclude>
    <ClInclude Include="..\..\src\resources\job.h">
      <Filter>octet\Resources</Filter>
    </ClInclude>
    <ClInclude Include="..\..\src\resources\mesh_builder.h">
      <Filter>octet\Resources</Filter>
    </ClInclude>
    <ClInclude Include="..\..\src\resources\resource.h">
      <Filter>octet\Resources</Filter>
    </ClInclude>
    <ClInclude Include="..\..\src\resources\resource_dict.h">
      <Filter>octet\Resources</Filter>
    </ClInclude>
    <ClInclude Include="..\..\src\resources\resources.h">
      <Filter>octet\Resources</Filter>
    </ClInclude>
    <ClInclude Include="..\..\src\resources\url_finder.h">
      <Filter>octet\Resources</Filter>
    </ClInclude>
    <ClInclude Include="..\..\src\resources\visitor.h">
      <Filter>octet\Resources</Filter>
    </ClInclude>
    <ClInclude Include="..\..\src\resources\xml_writer.h">
      <Filter>octet\Resources</Filter>
    </ClInclude>
    <ClInclude Include="..\..\src\resources\zip_file.h">
      <Filter>octet\Resources</Filter>
    </ClInclude>
    <ClInclude Include="..\..\src\scene\indexer.h">
      <Filter>octet\Scene</Filter>
    </ClInclude>
    <ClInclude Include="..\..\src\scene\light_instance.h">
      <Filter>octet\Scene</Filter>
    </ClInclude>
    <ClInclude Include="..\..\src\scene\material.h">
      <Filter>octet\Scene</Filter>
    </ClInclude>
    <ClInclude Include="..\..\src\scene\mesh.h">
      <Filter>octet\Scene</Filter>
    </ClInclude>
    <ClInclude Include="..\..\src\scene\mesh_box.h">
      <Filter>octet\Scene</Filter>
    </ClInclude>
    <ClInclude Include="..\..\src\scene\mesh_instance.h">
      <Filter>octet\Scene</Filter>
    </ClInclude>
    <ClInclude Include="..\..\src\scene\mesh_points.h">
      <Filter>octet\Scene</Filter>
    </ClInclude>
    <ClInclude Include="..\..\src\scene\mesh_text.h">
      <Filter>octet\Scene</Filter>
    </ClInclude>
    <ClInclude Include="..\..\src\scene\mesh_voxel_subcube.h">
      <Filter>octet\Scene</Filter>
    </ClInclude>
    <ClInclude Include="..\..\src\scene\mesh_voxels.h">
      <Filter>octet\Scene</Filter>
    </ClInclude>
    <ClInclude Include="..\..\src\scene\param.h">
      <Filter>octet\Scene</Filter>
    </ClInclude>
    <ClInclude Include="..\..\src\scene\sampler.h">
      <Filter>octet\Scene</Filter>
    </ClInclude>
    <ClInclude Include="..\..\src\scene\scene.h">
      <Filter>octet\Scene</Filter>
    </ClInclude>
    <ClInclude Include="..\..\src\scene\scene_node.h">
      <Filter>octet\Scene</Filter>
    </ClInclude>
    <ClInclude Include="..\..\src\scene\skeleton.h">
      <Filter>octet\Scene</Filter>
    </ClInclude>
    <ClInclude Include="..\..\src\scene\skin.h">
      <Filter>octet\Scene</Filter>
    </ClInclude>
    <ClInclude Include="..\..\src\scene\sky.h">
      <Filter>octet\Scene</Filter>
    </ClInclude>
    <ClInclude Include="..\..\src\scene\smooth.h">
      <Filter>octet\Scene</Filter>
    </ClInclude>
    <ClInclude Include="..\..\src\scene\super_chunk.h">
      <Filter>octet\Scene</Filter>
    </ClInclude>
    <ClInclude Include="..\..\src\scene\ui_builder.h">
      <Filter>octet\Scene</Filter>
    </ClInclude>
    <ClInclude Include="..\..\src\scene\ui_element.h">
      <Filter>octet\Scene</Filter>
    </ClInclude>
    <ClInclude Include="..\..\src\scene\visual_scene.h">
      <Filter>octet\Scene</Filter>
    </ClInclude>
    <ClInclude Include="..\..\src\scene\wireframe.h">
      <Filter>octet\Scene</Filter>
    </ClInclude>
    <ClInclude Include="..\..\src\scene\animation.h">
      <Filter>octet\Scene</Filter>
    </ClInclude>
    <ClInclude Include="..\..\src\scene\animation_instance.h">
      <Filter>octet\Scene</Filter>
    </ClInclude>
    <ClInclude Include="..\..\src\scene\camera_instance.h">
      <Filter>octet\Scene</Filter>
    </ClInclude>
    <ClInclude Include="..\..\src\scene\chunk.h">
      <Filter>octet\Scene</Filter>
    </ClInclude>
    <ClInclude Include="..\..\src\scene\displacement_map.h">
      <Filter>octet\Scene</Filter>
    </ClInclude>
    <ClInclude Include="..\..\src\scene\image.h">
      <Filter>octet\Scene</Filter>
    </ClInclude>
    <ClInclude Include="..\..\src\shaders\bump_shader.h">
      <Filter>octet\Shaders</Filter>
    </ClInclude>
    <ClInclude Include="..\..\src\shaders\color_shader.h">
      <Filter>octet\Shaders</Filter>
    </ClInclude>
    <ClInclude Include="..\..\src\shaders\flat_shader.h">
      <Filter>octet\Shaders</Filter>
    </ClInclude>
    <ClInclude Include="..\..\src\shaders\phong_shader.h">
      <Filter>octet\Shaders</Filter>
    </ClInclude>
    <ClInclude Include="..\..\src\shaders\shader.h">
      <Filter>octet\Shaders</Filter>
    </ClInclude>
    <ClInclude Include="..\..\src\shaders\shaders.h">
      <Filter>octet\Shaders</Filter>
    </ClInclude>
    <ClInclude Include="..\..\src\shaders\sky_shader.h">
      <Filter>octet\Shaders</Filter>
    </ClInclude>
    <ClInclude Include="..\..\src\shaders\texture_shader.h">
      <Filter>octet\Shaders</Filter>
    </ClInclude>
    <ClInclude Include="..\..\src\shaders\ui_shader.h">
      <Filter>octet\Shaders</Filter>
    </ClInclude>
    <ClInclude Include="..\..\src\tinyxml\tinystr.h">
      <Filter>octet\TinyXML</Filter>
    </ClInclude>
    <ClInclude Include="..\..\src\tinyxml\tinyxml.h">
      <Filter>octet\TinyXML</Filter>
    </ClInclude>
    <ClInclude Include="..\..\src\examples\layer2\Volumetric.h">
      <Filter>Source Files</Filter>
    </ClInclude>
  </ItemGroup>
  <ItemGroup>
    <None Include="..\..\src\resources\mesh_builder.inl">
      <Filter>octet\Resources</Filter>
    </None>
    <None Include="..\..\src\resources\resources.inl">
      <Filter>octet\Resources</Filter>
    </None>
  </ItemGroup>
</Project>